
Microsoft Visual Studio Solution File, Format Version 12.00
# Visual Studio 14
VisualStudioVersion = 14.0.25420.1
MinimumVisualStudioVersion = 10.0.40219.1
Project("{8BC9CEB8-8B4A-11D0-8D11-00A0C91BC942}") = "FeedbackDriver", "FeedbackDriver\FeedbackDriver.vcxproj", "{5CC62BE5-9C33-4705-AEDB-BBF2890F01B6}"
EndProject
Project("{8BC9CEB8-8B4A-11D0-8D11-00A0C91BC942}") = "FeedbackDriverPS", "FeedbackDriver\FeedbackDriverPS.vcxproj", "{B063A332-9E01-42D9-A039-ECBC87CDAD6C}"
	ProjectSection(ProjectDependencies) = postProject
		{5CC62BE5-9C33-4705-AEDB-BBF2890F01B6} = {5CC62BE5-9C33-4705-AEDB-BBF2890F01B6}
	EndProjectSection
EndProject
Project("{FAE04EC0-301F-11D3-BF4B-00C04F79EFBC}") = "ConsoleApplication1", "ConsoleApplication1\ConsoleApplication1.csproj", "{A4D86FB3-9127-48A5-B5A6-F48E1AA29C76}"
EndProject
Project("{8BC9CEB8-8B4A-11D0-8D11-00A0C91BC942}") = "ConsoleApplication2-cpp", "ConsoleApplication2-cpp\ConsoleApplication2-cpp.vcxproj", "{16089FB4-F9A2-4CA6-8B68-BC9FBC3B83C8}"
EndProject
Project("{8BC9CEB8-8B4A-11D0-8D11-00A0C91BC942}") = "GenericFFBDriver", "GenericFFBDriver\GenericFFBDriver.vcxproj", "{D6C39223-E1E8-4679-908C-BACACEA1E6CA}"
EndProject
Global
	GlobalSection(SolutionConfigurationPlatforms) = preSolution
		Debug|Any CPU = Debug|Any CPU
		Debug|x64 = Debug|x64
		Debug|x86 = Debug|x86
		Release|Any CPU = Release|Any CPU
		Release|x64 = Release|x64
		Release|x86 = Release|x86
	EndGlobalSection
	GlobalSection(ProjectConfigurationPlatforms) = postSolution
		{5CC62BE5-9C33-4705-AEDB-BBF2890F01B6}.Debug|Any CPU.ActiveCfg = Debug|Win32
		{5CC62BE5-9C33-4705-AEDB-BBF2890F01B6}.Debug|x64.ActiveCfg = Debug|x64
		{5CC62BE5-9C33-4705-AEDB-BBF2890F01B6}.Debug|x64.Build.0 = Debug|x64
		{5CC62BE5-9C33-4705-AEDB-BBF2890F01B6}.Debug|x86.ActiveCfg = Debug|Win32
		{5CC62BE5-9C33-4705-AEDB-BBF2890F01B6}.Debug|x86.Build.0 = Debug|Win32
		{5CC62BE5-9C33-4705-AEDB-BBF2890F01B6}.Release|Any CPU.ActiveCfg = Release|Win32
		{5CC62BE5-9C33-4705-AEDB-BBF2890F01B6}.Release|x64.ActiveCfg = Release|x64
		{5CC62BE5-9C33-4705-AEDB-BBF2890F01B6}.Release|x64.Build.0 = Release|x64
		{5CC62BE5-9C33-4705-AEDB-BBF2890F01B6}.Release|x86.ActiveCfg = Release|Win32
		{5CC62BE5-9C33-4705-AEDB-BBF2890F01B6}.Release|x86.Build.0 = Release|Win32
		{B063A332-9E01-42D9-A039-ECBC87CDAD6C}.Debug|Any CPU.ActiveCfg = Debug|Win32
		{B063A332-9E01-42D9-A039-ECBC87CDAD6C}.Debug|x64.ActiveCfg = Debug|x64
		{B063A332-9E01-42D9-A039-ECBC87CDAD6C}.Debug|x86.ActiveCfg = Debug|Win32
		{B063A332-9E01-42D9-A039-ECBC87CDAD6C}.Release|Any CPU.ActiveCfg = Release|Win32
		{B063A332-9E01-42D9-A039-ECBC87CDAD6C}.Release|x64.ActiveCfg = Release|x64
		{B063A332-9E01-42D9-A039-ECBC87CDAD6C}.Release|x86.ActiveCfg = Release|Win32
		{A4D86FB3-9127-48A5-B5A6-F48E1AA29C76}.Debug|Any CPU.ActiveCfg = Debug|Any CPU
		{A4D86FB3-9127-48A5-B5A6-F48E1AA29C76}.Debug|Any CPU.Build.0 = Debug|Any CPU
		{A4D86FB3-9127-48A5-B5A6-F48E1AA29C76}.Debug|x64.ActiveCfg = Debug|Any CPU
		{A4D86FB3-9127-48A5-B5A6-F48E1AA29C76}.Debug|x64.Build.0 = Debug|Any CPU
		{A4D86FB3-9127-48A5-B5A6-F48E1AA29C76}.Debug|x86.ActiveCfg = Debug|x86
		{A4D86FB3-9127-48A5-B5A6-F48E1AA29C76}.Debug|x86.Build.0 = Debug|x86
		{A4D86FB3-9127-48A5-B5A6-F48E1AA29C76}.Release|Any CPU.ActiveCfg = Release|Any CPU
		{A4D86FB3-9127-48A5-B5A6-F48E1AA29C76}.Release|Any CPU.Build.0 = Release|Any CPU
		{A4D86FB3-9127-48A5-B5A6-F48E1AA29C76}.Release|x64.ActiveCfg = Release|Any CPU
		{A4D86FB3-9127-48A5-B5A6-F48E1AA29C76}.Release|x64.Build.0 = Release|Any CPU
		{A4D86FB3-9127-48A5-B5A6-F48E1AA29C76}.Release|x86.ActiveCfg = Release|Any CPU
		{A4D86FB3-9127-48A5-B5A6-F48E1AA29C76}.Release|x86.Build.0 = Release|Any CPU
		{16089FB4-F9A2-4CA6-8B68-BC9FBC3B83C8}.Debug|Any CPU.ActiveCfg = Debug|Win32
		{16089FB4-F9A2-4CA6-8B68-BC9FBC3B83C8}.Debug|x64.ActiveCfg = Debug|x64
		{16089FB4-F9A2-4CA6-8B68-BC9FBC3B83C8}.Debug|x64.Build.0 = Debug|x64
		{16089FB4-F9A2-4CA6-8B68-BC9FBC3B83C8}.Debug|x86.ActiveCfg = Debug|Win32
		{16089FB4-F9A2-4CA6-8B68-BC9FBC3B83C8}.Debug|x86.Build.0 = Debug|Win32
		{16089FB4-F9A2-4CA6-8B68-BC9FBC3B83C8}.Release|Any CPU.ActiveCfg = Release|Win32
		{16089FB4-F9A2-4CA6-8B68-BC9FBC3B83C8}.Release|x64.ActiveCfg = Release|x64
		{16089FB4-F9A2-4CA6-8B68-BC9FBC3B83C8}.Release|x64.Build.0 = Release|x64
		{16089FB4-F9A2-4CA6-8B68-BC9FBC3B83C8}.Release|x86.ActiveCfg = Release|Win32
		{16089FB4-F9A2-4CA6-8B68-BC9FBC3B83C8}.Release|x86.Build.0 = Release|Win32
		{D6C39223-E1E8-4679-908C-BACACEA1E6CA}.Debug|Any CPU.ActiveCfg = Debug|Win32
		{D6C39223-E1E8-4679-908C-BACACEA1E6CA}.Debug|x64.ActiveCfg = Debug|x64
		{D6C39223-E1E8-4679-908C-BACACEA1E6CA}.Debug|x64.Build.0 = Debug|x64
		{D6C39223-E1E8-4679-908C-BACACEA1E6CA}.Debug|x86.ActiveCfg = Debug|Win32
		{D6C39223-E1E8-4679-908C-BACACEA1E6CA}.Debug|x86.Build.0 = Debug|Win32
		{D6C39223-E1E8-4679-908C-BACACEA1E6CA}.Release|Any CPU.ActiveCfg = Release|Win32
		{D6C39223-E1E8-4679-908C-BACACEA1E6CA}.Release|x64.ActiveCfg = Release|x64
		{D6C39223-E1E8-4679-908C-BACACEA1E6CA}.Release|x64.Build.0 = Release|x64
		{D6C39223-E1E8-4679-908C-BACACEA1E6CA}.Release|x86.ActiveCfg = Release|Win32
		{D6C39223-E1E8-4679-908C-BACACEA1E6CA}.Release|x86.Build.0 = Release|Win32
	EndGlobalSection
	GlobalSection(SolutionProperties) = preSolution
		HideSolutionNode = FALSE
	EndGlobalSection
EndGlobal
